
Microsoft Visual Studio Solution File, Format Version 12.00
# Visual Studio 15
VisualStudioVersion = 15.0.28010.2036
MinimumVisualStudioVersion = 10.0.40219.1
Project("{8BC9CEB8-8B4A-11D0-8D11-00A0C91BC942}") = "emulador", "emulador\emulador.vcxproj", "{8BBBAE6A-31B1-4527-9256-74C19211C053}"
EndProject
Global
	GlobalSection(SolutionConfigurationPlatforms) = preSolution
		Debug|x64 = Debug|x64
		Debug|x86 = Debug|x86
		Release|x64 = Release|x64
		Release|x86 = Release|x86
	EndGlobalSection
	GlobalSection(ProjectConfigurationPlatforms) = postSolution
		{8BBBAE6A-31B1-4527-9256-74C19211C053}.Debug|x64.ActiveCfg = Debug|x64
		{8BBBAE6A-31B1-4527-9256-74C19211C053}.Debug|x64.Build.0 = Debug|x64
		{8BBBAE6A-31B1-4527-9256-74C19211C053}.Debug|x86.ActiveCfg = Debug|Win32
		{8BBBAE6A-31B1-4527-9256-74C19211C053}.Debug|x86.Build.0 = Debug|Win32
		{8BBBAE6A-31B1-4527-9256-74C19211C053}.Release|x64.ActiveCfg = Release|x64
		{8BBBAE6A-31B1-4527-9256-74C19211C053}.Release|x64.Build.0 = Release|x64
		{8BBBAE6A-31B1-4527-9256-74C19211C053}.Release|x86.ActiveCfg = Release|Win32
		{8BBBAE6A-31B1-4527-9256-74C19211C053}.Release|x86.Build.0 = Release|Win32
	EndGlobalSection
	GlobalSection(SolutionProperties) = preSolution
		HideSolutionNode = FALSE
	EndGlobalSection
	GlobalSection(ExtensibilityGlobals) = postSolution
		SolutionGuid = {802A159C-5223-4002-88A5-3BFBA4A98762}
	EndGlobalSection
EndGlobal
